
Microsoft Visual Studio Solution File, Format Version 12.00
# Visual Studio 15
VisualStudioVersion = 15.0.28307.1259
MinimumVisualStudioVersion = 10.0.40219.1
Project("{FAE04EC0-301F-11D3-BF4B-00C04F79EFBC}") = "NewJobRequestSystem", "NewJobRequestSystem\NewJobRequestSystem.csproj", "{7C7C4688-A229-4D52-934C-4676E0A36892}"
EndProject
Project("{FAE04EC0-301F-11D3-BF4B-00C04F79EFBC}") = "ClsLibCommon", "ClsLibCommon\ClsLibCommon.csproj", "{7BC668C7-F533-4E85-BE5A-6ED66908544F}"
EndProject
Global
	GlobalSection(SolutionConfigurationPlatforms) = preSolution
		Debug|Any CPU = Debug|Any CPU
		Release|Any CPU = Release|Any CPU
	EndGlobalSection
	GlobalSection(ProjectConfigurationPlatforms) = postSolution
		{7C7C4688-A229-4D52-934C-4676E0A36892}.Debug|Any CPU.ActiveCfg = Debug|Any CPU
		{7C7C4688-A229-4D52-934C-4676E0A36892}.Debug|Any CPU.Build.0 = Debug|Any CPU
		{7C7C4688-A229-4D52-934C-4676E0A36892}.Release|Any CPU.ActiveCfg = Release|Any CPU
		{7C7C4688-A229-4D52-934C-4676E0A36892}.Release|Any CPU.Build.0 = Release|Any CPU
		{7BC668C7-F533-4E85-BE5A-6ED66908544F}.Debug|Any CPU.ActiveCfg = Debug|Any CPU
		{7BC668C7-F533-4E85-BE5A-6ED66908544F}.Debug|Any CPU.Build.0 = Debug|Any CPU
		{7BC668C7-F533-4E85-BE5A-6ED66908544F}.Release|Any CPU.ActiveCfg = Release|Any CPU
		{7BC668C7-F533-4E85-BE5A-6ED66908544F}.Release|Any CPU.Build.0 = Release|Any CPU
	EndGlobalSection
	GlobalSection(SolutionProperties) = preSolution
		HideSolutionNode = FALSE
	EndGlobalSection
	GlobalSection(ExtensibilityGlobals) = postSolution
		SolutionGuid = {E0DD6880-9A30-42E9-AB95-C077FC9B526C}
	EndGlobalSection
EndGlobal
